Microsoft Visual Studio Solution File, Format Version 12.00
# Visual Studio Version 17
VisualStudioVersion = 17.5.2.0
MinimumVisualStudioVersion = 10.0.40219.1
Project("{FAE04EC0-301F-11D3-BF4B-00C04F79EFBC}") = "pptx_validator", "pptx_validator\pptx_validator.csproj", "{6E1A97A8-5236-652B-E556-E70E357F8842}"
EndProject
Project("{2150E333-8FDC-42A3-9474-1A3956D46DE8}") = "tools", "tools", "{07C2787E-EAC7-C090-1BA3-A61EC2A24D84}"
EndProject
Project("{FAE04EC0-301F-11D3-BF4B-00C04F79EFBC}") = "pptx-validator", "tools\pptx-validator\pptx-validator.csproj", "{3DC5D73D-86F8-9E90-9B76-1F40DE245F78}"
EndProject
Global
	GlobalSection(SolutionConfigurationPlatforms) = preSolution
		Debug|Any CPU = Debug|Any CPU
		Release|Any CPU = Release|Any CPU
	EndGlobalSection
	GlobalSection(ProjectConfigurationPlatforms) = postSolution
		{6E1A97A8-5236-652B-E556-E70E357F8842}.Debug|Any CPU.ActiveCfg = Debug|Any CPU
		{6E1A97A8-5236-652B-E556-E70E357F8842}.Debug|Any CPU.Build.0 = Debug|Any CPU
		{6E1A97A8-5236-652B-E556-E70E357F8842}.Release|Any CPU.ActiveCfg = Release|Any CPU
		{6E1A97A8-5236-652B-E556-E70E357F8842}.Release|Any CPU.Build.0 = Release|Any CPU
		{3DC5D73D-86F8-9E90-9B76-1F40DE245F78}.Debug|Any CPU.ActiveCfg = Debug|Any CPU
		{3DC5D73D-86F8-9E90-9B76-1F40DE245F78}.Debug|Any CPU.Build.0 = Debug|Any CPU
		{3DC5D73D-86F8-9E90-9B76-1F40DE245F78}.Release|Any CPU.ActiveCfg = Release|Any CPU
		{3DC5D73D-86F8-9E90-9B76-1F40DE245F78}.Release|Any CPU.Build.0 = Release|Any CPU
	EndGlobalSection
	GlobalSection(SolutionProperties) = preSolution
		HideSolutionNode = FALSE
	EndGlobalSection
	GlobalSection(NestedProjects) = preSolution
		{3DC5D73D-86F8-9E90-9B76-1F40DE245F78} = {07C2787E-EAC7-C090-1BA3-A61EC2A24D84}
	EndGlobalSection
	GlobalSection(ExtensibilityGlobals) = postSolution
		SolutionGuid = {494A2CD9-0D66-4362-BB44-A367D1F92A1C}
	EndGlobalSection
EndGlobal
